
Microsoft Visual Studio Solution File, Format Version 12.00
# Visual Studio 2012
Project("{FAE04EC0-301F-11D3-BF4B-00C04F79EFBC}") = "xamarin.ios", "xamarin.ios.learning\xamarin.ios.csproj", "{F09C8ED4-2E09-4C59-8226-E4EAA6B17D76}"
EndProject
Project("{FAE04EC0-301F-11D3-BF4B-00C04F79EFBC}") = "my.app", "my.app\my.app.csproj", "{EE380299-A1AB-4ABA-8033-25D64461371C}"
EndProject
Global
	GlobalSection(SolutionConfigurationPlatforms) = preSolution
		Debug|iPhoneSimulator = Debug|iPhoneSimulator
		Release|iPhone = Release|iPhone
		Release|iPhoneSimulator = Release|iPhoneSimulator
		Debug|iPhone = Debug|iPhone
	EndGlobalSection
	GlobalSection(ProjectConfigurationPlatforms) = postSolution
		{F09C8ED4-2E09-4C59-8226-E4EAA6B17D76}.Debug|iPhoneSimulator.ActiveCfg = Debug|iPhoneSimulator
		{F09C8ED4-2E09-4C59-8226-E4EAA6B17D76}.Debug|iPhoneSimulator.Build.0 = Debug|iPhoneSimulator
		{F09C8ED4-2E09-4C59-8226-E4EAA6B17D76}.Release|iPhone.ActiveCfg = Release|iPhone
		{F09C8ED4-2E09-4C59-8226-E4EAA6B17D76}.Release|iPhone.Build.0 = Release|iPhone
		{F09C8ED4-2E09-4C59-8226-E4EAA6B17D76}.Release|iPhoneSimulator.ActiveCfg = Release|iPhoneSimulator
		{F09C8ED4-2E09-4C59-8226-E4EAA6B17D76}.Release|iPhoneSimulator.Build.0 = Release|iPhoneSimulator
		{F09C8ED4-2E09-4C59-8226-E4EAA6B17D76}.Debug|iPhone.ActiveCfg = Debug|iPhone
		{F09C8ED4-2E09-4C59-8226-E4EAA6B17D76}.Debug|iPhone.Build.0 = Debug|iPhone
		{EE380299-A1AB-4ABA-8033-25D64461371C}.Debug|iPhoneSimulator.ActiveCfg = Debug|iPhoneSimulator
		{EE380299-A1AB-4ABA-8033-25D64461371C}.Debug|iPhoneSimulator.Build.0 = Debug|iPhoneSimulator
		{EE380299-A1AB-4ABA-8033-25D64461371C}.Release|iPhone.ActiveCfg = Release|iPhone
		{EE380299-A1AB-4ABA-8033-25D64461371C}.Release|iPhone.Build.0 = Release|iPhone
		{EE380299-A1AB-4ABA-8033-25D64461371C}.Release|iPhoneSimulator.ActiveCfg = Release|iPhoneSimulator
		{EE380299-A1AB-4ABA-8033-25D64461371C}.Release|iPhoneSimulator.Build.0 = Release|iPhoneSimulator
		{EE380299-A1AB-4ABA-8033-25D64461371C}.Debug|iPhone.ActiveCfg = Debug|iPhone
		{EE380299-A1AB-4ABA-8033-25D64461371C}.Debug|iPhone.Build.0 = Debug|iPhone
	EndGlobalSection
EndGlobal
